{
    "_meta": {
        "hash": {
            "sha256": "a587dc79cf004c00de4d4943d5e62e262dd7f02392a5e9a7932a3387f5ec5a66"
        },
        "pipfile-spec": 6,
        "requires": {
            "python_version": "3.8"
        },
        "sources": [
            {
                "name": "pypi",
                "url": "https://pypi.org/simple",
                "verify_ssl": true
            }
        ]
    },
    "default": {
        "colorama": {
            "hashes": [
                "sha256:7d73d2a99753107a36ac6b455ee49046802e59d9d076ef8e47b61499fa29afff",
                "sha256:e96da0d330793e2cb9485e9ddfd918d456036c7149416295932478192f4436a1"
            ],
            "version": "==0.4.3"
        },
        "crayons": {
            "hashes": [
                "sha256:50e5fa729d313e2c607ae8bf7b53bb487652e10bd8e7a1e08c4bc8bf62755ffc",
                "sha256:8c9e4a3a607bc10e9a9140d496ecd16c6805088dd16c852c378f1f1d5db7aeb6"
            ],
            "index": "pypi",
            "version": "==0.3.0"
        },
        "enum34": {
            "hashes": [
                "sha256:a98a201d6de3f2ab3db284e70a33b0f896fbf35f8086594e8c9e74b909058d53",
                "sha256:c3858660960c984d6ab0ebad691265180da2b43f07e061c0f8dca9ef3cffd328",
                "sha256:cce6a7477ed816bd2542d03d53db9f0db935dd013b70f336a95c73979289f248"
            ],
            "version": "==1.1.10"
        },
        "exif": {
            "hashes": [
                "sha256:78b96ad80193ec6736ea9c6e24476850faadd785d2b8698c92c5c17f6aeafb39",
                "sha256:a14921bf794ede1af1269bcbfd6e6f962cabab4970c1c7373e6be4813d0ff4e8"
            ],
            "index": "pypi",
            "version": "==0.8.2"
        }
    },
    "develop": {
        "enum34": {
            "hashes": [
                "sha256:a98a201d6de3f2ab3db284e70a33b0f896fbf35f8086594e8c9e74b909058d53",
                "sha256:c3858660960c984d6ab0ebad691265180da2b43f07e061c0f8dca9ef3cffd328",
                "sha256:cce6a7477ed816bd2542d03d53db9f0db935dd013b70f336a95c73979289f248"
            ],
            "version": "==1.1.10"
        },
        "exif": {
            "hashes": [
                "sha256:78b96ad80193ec6736ea9c6e24476850faadd785d2b8698c92c5c17f6aeafb39",
                "sha256:a14921bf794ede1af1269bcbfd6e6f962cabab4970c1c7373e6be4813d0ff4e8"
            ],
            "index": "pypi",
            "version": "==0.8.2"
        },
        "photodl": {
            "editable": true,
            "path": "."
        }
    }
}
